
Microsoft Visual Studio Solution File, Format Version 12.00
# Visual Studio 15
VisualStudioVersion = 15.0.28010.2036
MinimumVisualStudioVersion = 10.0.40219.1
Project("{FAE04EC0-301F-11D3-BF4B-00C04F79EFBC}") = "App2", "App2\App2.csproj", "{D4B1C4D5-0600-43D8-A2A6-66381C1A652E}"
EndProject
Project("{FAE04EC0-301F-11D3-BF4B-00C04F79EFBC}") = "PortableTcpClient", "TcpClient\PortableTcpClient.csproj", "{1B1026BC-44FD-47F7-AACC-C16F0E06D120}"
EndProject
Project("{FAE04EC0-301F-11D3-BF4B-00C04F79EFBC}") = "App1", "App1\App1.csproj", "{1912BE99-FADA-4F9F-8A56-4553C6402241}"
EndProject
Global
	GlobalSection(SolutionConfigurationPlatforms) = preSolution
		Debug|Any CPU = Debug|Any CPU
		Debug|ARM = Debug|ARM
		Debug|x64 = Debug|x64
		Debug|x86 = Debug|x86
		Release|Any CPU = Release|Any CPU
		Release|ARM = Release|ARM
		Release|x64 = Release|x64
		Release|x86 = Release|x86
	EndGlobalSection
	GlobalSection(ProjectConfigurationPlatforms) = postSolution
		{D4B1C4D5-0600-43D8-A2A6-66381C1A652E}.Debug|Any CPU.ActiveCfg = Debug|x86
		{D4B1C4D5-0600-43D8-A2A6-66381C1A652E}.Debug|ARM.ActiveCfg = Debug|ARM
		{D4B1C4D5-0600-43D8-A2A6-66381C1A652E}.Debug|ARM.Build.0 = Debug|ARM
		{D4B1C4D5-0600-43D8-A2A6-66381C1A652E}.Debug|ARM.Deploy.0 = Debug|ARM
		{D4B1C4D5-0600-43D8-A2A6-66381C1A652E}.Debug|x64.ActiveCfg = Debug|x64
		{D4B1C4D5-0600-43D8-A2A6-66381C1A652E}.Debug|x64.Build.0 = Debug|x64
		{D4B1C4D5-0600-43D8-A2A6-66381C1A652E}.Debug|x64.Deploy.0 = Debug|x64
		{D4B1C4D5-0600-43D8-A2A6-66381C1A652E}.Debug|x86.ActiveCfg = Debug|x86
		{D4B1C4D5-0600-43D8-A2A6-66381C1A652E}.Debug|x86.Build.0 = Debug|x86
		{D4B1C4D5-0600-43D8-A2A6-66381C1A652E}.Debug|x86.Deploy.0 = Debug|x86
		{D4B1C4D5-0600-43D8-A2A6-66381C1A652E}.Release|Any CPU.ActiveCfg = Release|x86
		{D4B1C4D5-0600-43D8-A2A6-66381C1A652E}.Release|ARM.ActiveCfg = Release|ARM
		{D4B1C4D5-0600-43D8-A2A6-66381C1A652E}.Release|ARM.Build.0 = Release|ARM
		{D4B1C4D5-0600-43D8-A2A6-66381C1A652E}.Release|ARM.Deploy.0 = Release|ARM
		{D4B1C4D5-0600-43D8-A2A6-66381C1A652E}.Release|x64.ActiveCfg = Release|x64
		{D4B1C4D5-0600-43D8-A2A6-66381C1A652E}.Release|x64.Build.0 = Release|x64
		{D4B1C4D5-0600-43D8-A2A6-66381C1A652E}.Release|x64.Deploy.0 = Release|x64
		{D4B1C4D5-0600-43D8-A2A6-66381C1A652E}.Release|x86.ActiveCfg = Release|x86
		{D4B1C4D5-0600-43D8-A2A6-66381C1A652E}.Release|x86.Build.0 = Release|x86
		{D4B1C4D5-0600-43D8-A2A6-66381C1A652E}.Release|x86.Deploy.0 = Release|x86
		{1B1026BC-44FD-47F7-AACC-C16F0E06D120}.Debug|Any CPU.ActiveCfg = Debug|Any CPU
		{1B1026BC-44FD-47F7-AACC-C16F0E06D120}.Debug|Any CPU.Build.0 = Debug|Any CPU
		{1B1026BC-44FD-47F7-AACC-C16F0E06D120}.Debug|ARM.ActiveCfg = Debug|Any CPU
		{1B1026BC-44FD-47F7-AACC-C16F0E06D120}.Debug|ARM.Build.0 = Debug|Any CPU
		{1B1026BC-44FD-47F7-AACC-C16F0E06D120}.Debug|x64.ActiveCfg = Debug|Any CPU
		{1B1026BC-44FD-47F7-AACC-C16F0E06D120}.Debug|x64.Build.0 = Debug|Any CPU
		{1B1026BC-44FD-47F7-AACC-C16F0E06D120}.Debug|x86.ActiveCfg = Debug|Any CPU
		{1B1026BC-44FD-47F7-AACC-C16F0E06D120}.Debug|x86.Build.0 = Debug|Any CPU
		{1B1026BC-44FD-47F7-AACC-C16F0E06D120}.Release|Any CPU.ActiveCfg = Release|Any CPU
		{1B1026BC-44FD-47F7-AACC-C16F0E06D120}.Release|Any CPU.Build.0 = Release|Any CPU
		{1B1026BC-44FD-47F7-AACC-C16F0E06D120}.Release|ARM.ActiveCfg = Release|Any CPU
		{1B1026BC-44FD-47F7-AACC-C16F0E06D120}.Release|ARM.Build.0 = Release|Any CPU
		{1B1026BC-44FD-47F7-AACC-C16F0E06D120}.Release|x64.ActiveCfg = Release|Any CPU
		{1B1026BC-44FD-47F7-AACC-C16F0E06D120}.Release|x64.Build.0 = Release|Any CPU
		{1B1026BC-44FD-47F7-AACC-C16F0E06D120}.Release|x86.ActiveCfg = Release|Any CPU
		{1B1026BC-44FD-47F7-AACC-C16F0E06D120}.Release|x86.Build.0 = Release|Any CPU
		{1912BE99-FADA-4F9F-8A56-4553C6402241}.Debug|Any CPU.ActiveCfg = Debug|x86
		{1912BE99-FADA-4F9F-8A56-4553C6402241}.Debug|ARM.ActiveCfg = Debug|ARM
		{1912BE99-FADA-4F9F-8A56-4553C6402241}.Debug|ARM.Build.0 = Debug|ARM
		{1912BE99-FADA-4F9F-8A56-4553C6402241}.Debug|ARM.Deploy.0 = Debug|ARM
		{1912BE99-FADA-4F9F-8A56-4553C6402241}.Debug|x64.ActiveCfg = Debug|x64
		{1912BE99-FADA-4F9F-8A56-4553C6402241}.Debug|x64.Build.0 = Debug|x64
		{1912BE99-FADA-4F9F-8A56-4553C6402241}.Debug|x64.Deploy.0 = Debug|x64
		{1912BE99-FADA-4F9F-8A56-4553C6402241}.Debug|x86.ActiveCfg = Debug|x86
		{1912BE99-FADA-4F9F-8A56-4553C6402241}.Debug|x86.Build.0 = Debug|x86
		{1912BE99-FADA-4F9F-8A56-4553C6402241}.Debug|x86.Deploy.0 = Debug|x86
		{1912BE99-FADA-4F9F-8A56-4553C6402241}.Release|Any CPU.ActiveCfg = Release|x86
		{1912BE99-FADA-4F9F-8A56-4553C6402241}.Release|ARM.ActiveCfg = Release|ARM
		{1912BE99-FADA-4F9F-8A56-4553C6402241}.Release|ARM.Build.0 = Release|ARM
		{1912BE99-FADA-4F9F-8A56-4553C6402241}.Release|ARM.Deploy.0 = Release|ARM
		{1912BE99-FADA-4F9F-8A56-4553C6402241}.Release|x64.ActiveCfg = Release|x64
		{1912BE99-FADA-4F9F-8A56-4553C6402241}.Release|x64.Build.0 = Release|x64
		{1912BE99-FADA-4F9F-8A56-4553C6402241}.Release|x64.Deploy.0 = Release|x64
		{1912BE99-FADA-4F9F-8A56-4553C6402241}.Release|x86.ActiveCfg = Release|x86
		{1912BE99-FADA-4F9F-8A56-4553C6402241}.Release|x86.Build.0 = Release|x86
		{1912BE99-FADA-4F9F-8A56-4553C6402241}.Release|x86.Deploy.0 = Release|x86
	EndGlobalSection
	GlobalSection(SolutionProperties) = preSolution
		HideSolutionNode = FALSE
	EndGlobalSection
	GlobalSection(ExtensibilityGlobals) = postSolution
		SolutionGuid = {B5012766-B557-4C88-9134-B056A9894273}
	EndGlobalSection
EndGlobal
